// !$*UTF8*$!
{
	archiveVersion = 1;
	classes = {
	};
	objectVersion = 46;
	objects = {

/* Begin PBXBuildFile section */
		67406D3E1FBF37F800CD311C /* PilaresParam.plist in Resources */ = {isa = PBXBuildFile; fileRef = 67406D3D1FBF37F800CD311C /* PilaresParam.plist */; };
		678CCD3F1FCC510900580875 /* OrderViewController.swift in Sources */ = {isa = PBXBuildFile; fileRef = 678CCD3E1FCC510900580875 /* OrderViewController.swift */; };
		67AA289A1FBBBA92001D7328 /* InsitutesManager.swift in Sources */ = {isa = PBXBuildFile; fileRef = 67AA28991FBBBA92001D7328 /* InsitutesManager.swift */; };
		67AA289C1FBBBB03001D7328 /* Institute.swift in Sources */ = {isa = PBXBuildFile; fileRef = 67AA289B1FBBBB03001D7328 /* Institute.swift */; };
		67AA289E1FBBBB8D001D7328 /* InstitutesService.swift in Sources */ = {isa = PBXBuildFile; fileRef = 67AA289D1FBBBB8D001D7328 /* InstitutesService.swift */; };
		67AA28A01FBBBBAD001D7328 /* InstitutesDAO.swift in Sources */ = {isa = PBXBuildFile; fileRef = 67AA289F1FBBBBAD001D7328 /* InstitutesDAO.swift */; };
		67CC5B4D1FC5BB8A006369F5 /* InitialViewController.swift in Sources */ = {isa = PBXBuildFile; fileRef = 67CC5B4C1FC5BB8A006369F5 /* InitialViewController.swift */; };
		67CC5B4F1FC621B7006369F5 /* LogueadoViewController.swift in Sources */ = {isa = PBXBuildFile; fileRef = 67CC5B4E1FC621B7006369F5 /* LogueadoViewController.swift */; };
		67CC5B511FC6F7AA006369F5 /* UsersService.swift in Sources */ = {isa = PBXBuildFile; fileRef = 67CC5B501FC6F7AA006369F5 /* UsersService.swift */; };
		67CC5B531FC6FADC006369F5 /* UsersDAO.swift in Sources */ = {isa = PBXBuildFile; fileRef = 67CC5B521FC6FADC006369F5 /* UsersDAO.swift */; };
		67CC5B551FC6FCA5006369F5 /* Authentication.swift in Sources */ = {isa = PBXBuildFile; fileRef = 67CC5B541FC6FCA5006369F5 /* Authentication.swift */; };
		67CC5B571FC6FDFC006369F5 /* DishCategory.swift in Sources */ = {isa = PBXBuildFile; fileRef = 67CC5B561FC6FDFC006369F5 /* DishCategory.swift */; };
		67CC5B591FC6FE5E006369F5 /* Shift.swift in Sources */ = {isa = PBXBuildFile; fileRef = 67CC5B581FC6FE5E006369F5 /* Shift.swift */; };
		67CC5B5B1FC72723006369F5 /* CategoriesManager.swift in Sources */ = {isa = PBXBuildFile; fileRef = 67CC5B5A1FC72723006369F5 /* CategoriesManager.swift */; };
		67CC5B5D1FC727BE006369F5 /* ShiftsManager.swift in Sources */ = {isa = PBXBuildFile; fileRef = 67CC5B5C1FC727BE006369F5 /* ShiftsManager.swift */; };
		67CC5B9B1FCB887C006369F5 /* AddToCartViewController.swift in Sources */ = {isa = PBXBuildFile; fileRef = 67CC5B9A1FCB887C006369F5 /* AddToCartViewController.swift */; };
		67F7767E1F93DE030068D38C /* AppDelegate.swift in Sources */ = {isa = PBXBuildFile; fileRef = 67F7767D1F93DE030068D38C /* AppDelegate.swift */; };
		67F776831F93DE030068D38C /* Main.storyboard in Resources */ = {isa = PBXBuildFile; fileRef = 67F776811F93DE030068D38C /* Main.storyboard */; };
		67F776861F93DE030068D38C /* Pilares.xcdatamodeld in Sources */ = {isa = PBXBuildFile; fileRef = 67F776841F93DE030068D38C /* Pilares.xcdatamodeld */; };
		67F776881F93DE030068D38C /* Assets.xcassets in Resources */ = {isa = PBXBuildFile; fileRef = 67F776871F93DE030068D38C /* Assets.xcassets */; };
		67F7768B1F93DE030068D38C /* LaunchScreen.storyboard in Resources */ = {isa = PBXBuildFile; fileRef = 67F776891F93DE030068D38C /* LaunchScreen.storyboard */; };
		67F776991F93E8390068D38C /* LoginViewController.swift in Sources */ = {isa = PBXBuildFile; fileRef = 67F776981F93E8390068D38C /* LoginViewController.swift */; };
		67F776BC1F94D4010068D38C /* Dish.swift in Sources */ = {isa = PBXBuildFile; fileRef = 67F776BB1F94D4010068D38C /* Dish.swift */; };
		67F776BE1F94D7240068D38C /* DishesService.swift in Sources */ = {isa = PBXBuildFile; fileRef = 67F776BD1F94D7240068D38C /* DishesService.swift */; };
		67F776C11F94E4B20068D38C /* DishesDAO.swift in Sources */ = {isa = PBXBuildFile; fileRef = 67F776C01F94E4B20068D38C /* DishesDAO.swift */; };
		67F776C31F94E85D0068D38C /* DishesTableViewController.swift in Sources */ = {isa = PBXBuildFile; fileRef = 67F776C21F94E85D0068D38C /* DishesTableViewController.swift */; };
		67F776C51F94EA5F0068D38C /* DishesTableViewCell.swift in Sources */ = {isa = PBXBuildFile; fileRef = 67F776C41F94EA5F0068D38C /* DishesTableViewCell.swift */; };
		67F776C91F9684420068D38C /* OrderItem.swift in Sources */ = {isa = PBXBuildFile; fileRef = 67F776C81F9684420068D38C /* OrderItem.swift */; };
		67F776CB1F9776E50068D38C /* OrderManager.swift in Sources */ = {isa = PBXBuildFile; fileRef = 67F776CA1F9776E50068D38C /* OrderManager.swift */; };
		F8753A5A64F7CEF1068A7ADB /* Pods_Pilares.framework in Frameworks */ = {isa = PBXBuildFile; fileRef = 097909B448EE1C1DDD7A3CEE /* Pods_Pilares.framework */; };
/* End PBXBuildFile section */

/* Begin PBXFileReference section */
		097909B448EE1C1DDD7A3CEE /* Pods_Pilares.framework */ = {isa = PBXFileReference; explicitFileType = wrapper.framework; includeInIndex = 0; path = Pods_Pilares.framework; sourceTree = BUILT_PRODUCTS_DIR; };
		3F1DD1B2427C3A7C750226DB /* Pods-Pilares.release.xcconfig */ = {isa = PBXFileReference; includeInIndex = 1; lastKnownFileType = text.xcconfig; name = "Pods-Pilares.release.xcconfig"; path = "Pods/Target Support Files/Pods-Pilares/Pods-Pilares.release.xcconfig"; sourceTree = "<group>"; };
		67406D3D1FBF37F800CD311C /* PilaresParam.plist */ = {isa = PBXFileReference; lastKnownFileType = text.plist.xml; path = PilaresParam.plist; sourceTree = "<group>"; };
		678CCD3E1FCC510900580875 /* OrderViewController.swift */ = {isa = PBXFileReference; lastKnownFileType = sourcecode.swift; name = OrderViewController.swift; path = viewcontrollers/OrderViewController.swift; sourceTree = "<group>"; };
		67AA28991FBBBA92001D7328 /* InsitutesManager.swift */ = {isa = PBXFileReference; fileEncoding = 4; lastKnownFileType = sourcecode.swift; name = InsitutesManager.swift; path = model/InsitutesManager.swift; sourceTree = "<group>"; };
		67AA289B1FBBBB03001D7328 /* Institute.swift */ = {isa = PBXFileReference; fileEncoding = 4; lastKnownFileType = sourcecode.swift; name = Institute.swift; path = model/Institute.swift; sourceTree = "<group>"; };
		67AA289D1FBBBB8D001D7328 /* InstitutesService.swift */ = {isa = PBXFileReference; fileEncoding = 4; lastKnownFileType = sourcecode.swift; name = InstitutesService.swift; path = services/InstitutesService.swift; sourceTree = "<group>"; };
		67AA289F1FBBBBAD001D7328 /* InstitutesDAO.swift */ = {isa = PBXFileReference; fileEncoding = 4; lastKnownFileType = sourcecode.swift; name = InstitutesDAO.swift; path = dao/InstitutesDAO.swift; sourceTree = "<group>"; };
		67CC5B4C1FC5BB8A006369F5 /* InitialViewController.swift */ = {isa = PBXFileReference; lastKnownFileType = sourcecode.swift; name = InitialViewController.swift; path = viewcontrollers/InitialViewController.swift; sourceTree = "<group>"; };
		67CC5B4E1FC621B7006369F5 /* LogueadoViewController.swift */ = {isa = PBXFileReference; lastKnownFileType = sourcecode.swift; name = LogueadoViewController.swift; path = viewcontrollers/LogueadoViewController.swift; sourceTree = "<group>"; };
		67CC5B501FC6F7AA006369F5 /* UsersService.swift */ = {isa = PBXFileReference; lastKnownFileType = sourcecode.swift; name = UsersService.swift; path = services/UsersService.swift; sourceTree = "<group>"; };
		67CC5B521FC6FADC006369F5 /* UsersDAO.swift */ = {isa = PBXFileReference; lastKnownFileType = sourcecode.swift; path = UsersDAO.swift; sourceTree = "<group>"; };
		67CC5B541FC6FCA5006369F5 /* Authentication.swift */ = {isa = PBXFileReference; lastKnownFileType = sourcecode.swift; name = Authentication.swift; path = model/Authentication.swift; sourceTree = "<group>"; };
		67CC5B561FC6FDFC006369F5 /* DishCategory.swift */ = {isa = PBXFileReference; lastKnownFileType = sourcecode.swift; name = DishCategory.swift; path = model/DishCategory.swift; sourceTree = "<group>"; };
		67CC5B581FC6FE5E006369F5 /* Shift.swift */ = {isa = PBXFileReference; lastKnownFileType = sourcecode.swift; name = Shift.swift; path = model/Shift.swift; sourceTree = "<group>"; };
		67CC5B5A1FC72723006369F5 /* CategoriesManager.swift */ = {isa = PBXFileReference; lastKnownFileType = sourcecode.swift; path = CategoriesManager.swift; sourceTree = "<group>"; };
		67CC5B5C1FC727BE006369F5 /* ShiftsManager.swift */ = {isa = PBXFileReference; lastKnownFileType = sourcecode.swift; name = ShiftsManager.swift; path = model/ShiftsManager.swift; sourceTree = "<group>"; };
		67CC5B9A1FCB887C006369F5 /* AddToCartViewController.swift */ = {isa = PBXFileReference; lastKnownFileType = sourcecode.swift; name = AddToCartViewController.swift; path = viewcontrollers/AddToCartViewController.swift; sourceTree = "<group>"; };
		67F7767A1F93DE030068D38C /* Pilares.app */ = {isa = PBXFileReference; explicitFileType = wrapper.application; includeInIndex = 0; path = Pilares.app; sourceTree = BUILT_PRODUCTS_DIR; };
		67F7767D1F93DE030068D38C /* AppDelegate.swift */ = {isa = PBXFileReference; lastKnownFileType = sourcecode.swift; path = AppDelegate.swift; sourceTree = "<group>"; };
		67F776821F93DE030068D38C /* Base */ = {isa = PBXFileReference; lastKnownFileType = file.storyboard; name = Base; path = Base.lproj/Main.storyboard; sourceTree = "<group>"; };
		67F776851F93DE030068D38C /* Pilares.xcdatamodel */ = {isa = PBXFileReference; lastKnownFileType = wrapper.xcdatamodel; path = Pilares.xcdatamodel; sourceTree = "<group>"; };
		67F776871F93DE030068D38C /* Assets.xcassets */ = {isa = PBXFileReference; lastKnownFileType = folder.assetcatalog; path = Assets.xcassets; sourceTree = "<group>"; };
		67F7768A1F93DE030068D38C /* Base */ = {isa = PBXFileReference; lastKnownFileType = file.storyboard; name = Base; path = Base.lproj/LaunchScreen.storyboard; sourceTree = "<group>"; };
		67F7768C1F93DE030068D38C /* Info.plist */ = {isa = PBXFileReference; lastKnownFileType = text.plist.xml; path = Info.plist; sourceTree = "<group>"; };
		67F776981F93E8390068D38C /* LoginViewController.swift */ = {isa = PBXFileReference; fileEncoding = 4; lastKnownFileType = sourcecode.swift; name = LoginViewController.swift; path = viewcontrollers/LoginViewController.swift; sourceTree = "<group>"; };
		67F776BB1F94D4010068D38C /* Dish.swift */ = {isa = PBXFileReference; fileEncoding = 4; lastKnownFileType = sourcecode.swift; name = Dish.swift; path = model/Dish.swift; sourceTree = "<group>"; };
		67F776BD1F94D7240068D38C /* DishesService.swift */ = {isa = PBXFileReference; fileEncoding = 4; lastKnownFileType = sourcecode.swift; path = DishesService.swift; sourceTree = "<group>"; };
		67F776C01F94E4B20068D38C /* DishesDAO.swift */ = {isa = PBXFileReference; fileEncoding = 4; lastKnownFileType = sourcecode.swift; name = DishesDAO.swift; path = dao/DishesDAO.swift; sourceTree = "<group>"; };
		67F776C21F94E85D0068D38C /* DishesTableViewController.swift */ = {isa = PBXFileReference; fileEncoding = 4; lastKnownFileType = sourcecode.swift; name = DishesTableViewController.swift; path = viewcontrollers/DishesTableViewController.swift; sourceTree = "<group>"; };
		67F776C41F94EA5F0068D38C /* DishesTableViewCell.swift */ = {isa = PBXFileReference; fileEncoding = 4; lastKnownFileType = sourcecode.swift; name = DishesTableViewCell.swift; path = views/DishesTableViewCell.swift; sourceTree = "<group>"; };
		67F776C81F9684420068D38C /* OrderItem.swift */ = {isa = PBXFileReference; fileEncoding = 4; lastKnownFileType = sourcecode.swift; path = OrderItem.swift; sourceTree = "<group>"; };
		67F776CA1F9776E50068D38C /* OrderManager.swift */ = {isa = PBXFileReference; fileEncoding = 4; lastKnownFileType = sourcecode.swift; path = OrderManager.swift; sourceTree = "<group>"; };
		890FF52325F9FD1E7AEFAFC8 /* Pods-Pilares.debug.xcconfig */ = {isa = PBXFileReference; includeInIndex = 1; lastKnownFileType = text.xcconfig; name = "Pods-Pilares.debug.xcconfig"; path = "Pods/Target Support Files/Pods-Pilares/Pods-Pilares.debug.xcconfig"; sourceTree = "<group>"; };
/* End PBXFileReference section */

/* Begin PBXFrameworksBuildPhase section */
		67F776771F93DE030068D38C /* Frameworks */ = {
			isa = PBXFrameworksBuildPhase;
			buildActionMask = 2147483647;
			files = (
				F8753A5A64F7CEF1068A7ADB /* Pods_Pilares.framework in Frameworks */,
			);
			runOnlyForDeploymentPostprocessing = 0;
		};
/* End PBXFrameworksBuildPhase section */

/* Begin PBXGroup section */
		65F6FEB23AF3CC04015CF317 /* Frameworks */ = {
			isa = PBXGroup;
			children = (
				097909B448EE1C1DDD7A3CEE /* Pods_Pilares.framework */,
			);
			name = Frameworks;
			sourceTree = "<group>";
		};
		67F776711F93DE030068D38C = {
			isa = PBXGroup;
			children = (
				67F7767C1F93DE030068D38C /* Pilares */,
				67F7767B1F93DE030068D38C /* Products */,
				CEA212A2FD1DA641BA5C6645 /* Pods */,
				65F6FEB23AF3CC04015CF317 /* Frameworks */,
			);
			sourceTree = "<group>";
		};
		67F7767B1F93DE030068D38C /* Products */ = {
			isa = PBXGroup;
			children = (
				67F7767A1F93DE030068D38C /* Pilares.app */,
			);
			name = Products;
			sourceTree = "<group>";
		};
		67F7767C1F93DE030068D38C /* Pilares */ = {
			isa = PBXGroup;
			children = (
				67F776941F93DF280068D38C /* model */,
				67F776931F93DF1C0068D38C /* services */,
				67F776BF1F94E4110068D38C /* dao */,
				67F776921F93DF0E0068D38C /* viewcontrollers */,
				67F776951F93DF2F0068D38C /* views */,
				67F7767D1F93DE030068D38C /* AppDelegate.swift */,
				67F776811F93DE030068D38C /* Main.storyboard */,
				67F776871F93DE030068D38C /* Assets.xcassets */,
				67F776891F93DE030068D38C /* LaunchScreen.storyboard */,
				67F7768C1F93DE030068D38C /* Info.plist */,
				67F776841F93DE030068D38C /* Pilares.xcdatamodeld */,
				67406D3D1FBF37F800CD311C /* PilaresParam.plist */,
			);
			path = Pilares;
			sourceTree = "<group>";
		};
		67F776921F93DF0E0068D38C /* viewcontrollers */ = {
			isa = PBXGroup;
			children = (
				67CC5B4C1FC5BB8A006369F5 /* InitialViewController.swift */,
				67F776981F93E8390068D38C /* LoginViewController.swift */,
				67F776C21F94E85D0068D38C /* DishesTableViewController.swift */,
				67CC5B4E1FC621B7006369F5 /* LogueadoViewController.swift */,
				67CC5B9A1FCB887C006369F5 /* AddToCartViewController.swift */,
				678CCD3E1FCC510900580875 /* OrderViewController.swift */,
			);
			name = viewcontrollers;
			sourceTree = "<group>";
		};
		67F776931F93DF1C0068D38C /* services */ = {
			isa = PBXGroup;
			children = (
				67F776BD1F94D7240068D38C /* DishesService.swift */,
				67AA289D1FBBBB8D001D7328 /* InstitutesService.swift */,
				67CC5B501FC6F7AA006369F5 /* UsersService.swift */,
			);
			name = services;
			sourceTree = "<group>";
		};
		67F776941F93DF280068D38C /* model */ = {
			isa = PBXGroup;
			children = (
				67CC5B541FC6FCA5006369F5 /* Authentication.swift */,
				67F776BB1F94D4010068D38C /* Dish.swift */,
				67F776C81F9684420068D38C /* OrderItem.swift */,
				67F776CA1F9776E50068D38C /* OrderManager.swift */,
				67AA28991FBBBA92001D7328 /* InsitutesManager.swift */,
				67AA289B1FBBBB03001D7328 /* Institute.swift */,
				67CC5B581FC6FE5E006369F5 /* Shift.swift */,
				67CC5B5C1FC727BE006369F5 /* ShiftsManager.swift */,
				67CC5B561FC6FDFC006369F5 /* DishCategory.swift */,
				67CC5B5A1FC72723006369F5 /* CategoriesManager.swift */,
			);
			name = model;
			sourceTree = "<group>";
		};
		67F776951F93DF2F0068D38C /* views */ = {
			isa = PBXGroup;
			children = (
				67F776C41F94EA5F0068D38C /* DishesTableViewCell.swift */,
			);
			name = views;
			sourceTree = "<group>";
		};
		67F776BF1F94E4110068D38C /* dao */ = {
			isa = PBXGroup;
			children = (
				67F776C01F94E4B20068D38C /* DishesDAO.swift */,
				67AA289F1FBBBBAD001D7328 /* InstitutesDAO.swift */,
				67CC5B521FC6FADC006369F5 /* UsersDAO.swift */,
			);
			name = dao;
			sourceTree = "<group>";
		};
		CEA212A2FD1DA641BA5C6645 /* Pods */ = {
			isa = PBXGroup;
			children = (
				890FF52325F9FD1E7AEFAFC8 /* Pods-Pilares.debug.xcconfig */,
				3F1DD1B2427C3A7C750226DB /* Pods-Pilares.release.xcconfig */,
			);
			name = Pods;
			sourceTree = "<group>";
		};
/* End PBXGroup section */

/* Begin PBXNativeTarget section */
		67F776791F93DE030068D38C /* Pilares */ = {
			isa = PBXNativeTarget;
			buildConfigurationList = 67F7768F1F93DE030068D38C /* Build configuration list for PBXNativeTarget "Pilares" */;
			buildPhases = (
				27878F3FA0C6A90EE3F91132 /* [CP] Check Pods Manifest.lock */,
				67F776761F93DE030068D38C /* Sources */,
				67F776771F93DE030068D38C /* Frameworks */,
				67F776781F93DE030068D38C /* Resources */,
				23D510FB1E4135409250FDA5 /* [CP] Embed Pods Frameworks */,
				0E1F5FB76360E0DD05E72616 /* [CP] Copy Pods Resources */,
			);
			buildRules = (
			);
			dependencies = (
			);
			name = Pilares;
			productName = Pilares;
			productReference = 67F7767A1F93DE030068D38C /* Pilares.app */;
			productType = "com.apple.product-type.application";
		};
/* End PBXNativeTarget section */

/* Begin PBXProject section */
		67F776721F93DE030068D38C /* Project object */ = {
			isa = PBXProject;
			attributes = {
				LastSwiftUpdateCheck = 0830;
				LastUpgradeCheck = 0830;
				ORGANIZATIONNAME = "Mariano Bonilla";
				TargetAttributes = {
					67F776791F93DE030068D38C = {
						CreatedOnToolsVersion = 8.3.2;
						DevelopmentTeam = 99HYZ8LB3U;
						ProvisioningStyle = Automatic;
					};
				};
			};
			buildConfigurationList = 67F776751F93DE030068D38C /* Build configuration list for PBXProject "Pilares" */;
			compatibilityVersion = "Xcode 3.2";
			developmentRegion = English;
			hasScannedForEncodings = 0;
			knownRegions = (
				en,
				Base,
			);
			mainGroup = 67F776711F93DE030068D38C;
			productRefGroup = 67F7767B1F93DE030068D38C /* Products */;
			projectDirPath = "";
			projectRoot = "";
			targets = (
				67F776791F93DE030068D38C /* Pilares */,
			);
		};
/* End PBXProject section */

/* Begin PBXResourcesBuildPhase section */
		67F776781F93DE030068D38C /* Resources */ = {
			isa = PBXResourcesBuildPhase;
			buildActionMask = 2147483647;
			files = (
				67F7768B1F93DE030068D38C /* LaunchScreen.storyboard in Resources */,
				67406D3E1FBF37F800CD311C /* PilaresParam.plist in Resources */,
				67F776881F93DE030068D38C /* Assets.xcassets in Resources */,
				67F776831F93DE030068D38C /* Main.storyboard in Resources */,
			);
			runOnlyForDeploymentPostprocessing = 0;
		};
/* End PBXResourcesBuildPhase section */

/* Begin PBXShellScriptBuildPhase section */
		0E1F5FB76360E0DD05E72616 /* [CP] Copy Pods Resources */ = {
			isa = PBXShellScriptBuildPhase;
			buildActionMask = 2147483647;
			files = (
			);
			inputPaths = (
			);
			name = "[CP] Copy Pods Resources";
			outputPaths = (
			);
			runOnlyForDeploymentPostprocessing = 0;
			shellPath = /bin/sh;
			shellScript = "\"${SRCROOT}/Pods/Target Support Files/Pods-Pilares/Pods-Pilares-resources.sh\"\n";
			showEnvVarsInLog = 0;
		};
		23D510FB1E4135409250FDA5 /* [CP] Embed Pods Frameworks */ = {
			isa = PBXShellScriptBuildPhase;
			buildActionMask = 2147483647;
			files = (
			);
			inputPaths = (
			);
			name = "[CP] Embed Pods Frameworks";
			outputPaths = (
			);
			runOnlyForDeploymentPostprocessing = 0;
			shellPath = /bin/sh;
			shellScript = "\"${SRCROOT}/Pods/Target Support Files/Pods-Pilares/Pods-Pilares-frameworks.sh\"\n";
			showEnvVarsInLog = 0;
		};
		27878F3FA0C6A90EE3F91132 /* [CP] Check Pods Manifest.lock */ = {
			isa = PBXShellScriptBuildPhase;
			buildActionMask = 2147483647;
			files = (
			);
			inputPaths = (
			);
			name = "[CP] Check Pods Manifest.lock";
			outputPaths = (
			);
			runOnlyForDeploymentPostprocessing = 0;
			shellPath = /bin/sh;
			shellScript = "diff \"${PODS_PODFILE_DIR_PATH}/Podfile.lock\" \"${PODS_ROOT}/Manifest.lock\" > /dev/null\nif [ $? != 0 ] ; then\n    # print error to STDERR\n    echo \"error: The sandbox is not in sync with the Podfile.lock. Run 'pod install' or update your CocoaPods installation.\" >&2\n    exit 1\nfi\n";
			showEnvVarsInLog = 0;
		};
/* End PBXShellScriptBuildPhase section */

/* Begin PBXSourcesBuildPhase section */
		67F776761F93DE030068D38C /* Sources */ = {
			isa = PBXSourcesBuildPhase;
			buildActionMask = 2147483647;
			files = (
				67F776CB1F9776E50068D38C /* OrderManager.swift in Sources */,
				67AA289E1FBBBB8D001D7328 /* InstitutesService.swift in Sources */,
				67CC5B531FC6FADC006369F5 /* UsersDAO.swift in Sources */,
				67F776861F93DE030068D38C /* Pilares.xcdatamodeld in Sources */,
				67CC5B9B1FCB887C006369F5 /* AddToCartViewController.swift in Sources */,
				67F776991F93E8390068D38C /* LoginViewController.swift in Sources */,
				67CC5B5B1FC72723006369F5 /* CategoriesManager.swift in Sources */,
				67F776C51F94EA5F0068D38C /* DishesTableViewCell.swift in Sources */,
				67CC5B571FC6FDFC006369F5 /* DishCategory.swift in Sources */,
				67F776BE1F94D7240068D38C /* DishesService.swift in Sources */,
				67F776C91F9684420068D38C /* OrderItem.swift in Sources */,
				67F776BC1F94D4010068D38C /* Dish.swift in Sources */,
				67AA289A1FBBBA92001D7328 /* InsitutesManager.swift in Sources */,
				67CC5B5D1FC727BE006369F5 /* ShiftsManager.swift in Sources */,
				67F776C11F94E4B20068D38C /* DishesDAO.swift in Sources */,
				67CC5B511FC6F7AA006369F5 /* UsersService.swift in Sources */,
				67CC5B551FC6FCA5006369F5 /* Authentication.swift in Sources */,
				67CC5B4F1FC621B7006369F5 /* LogueadoViewController.swift in Sources */,
				67AA289C1FBBBB03001D7328 /* Institute.swift in Sources */,
				67CC5B591FC6FE5E006369F5 /* Shift.swift in Sources */,
				67F776C31F94E85D0068D38C /* DishesTableViewController.swift in Sources */,
				678CCD3F1FCC510900580875 /* OrderViewController.swift in Sources */,
				67CC5B4D1FC5BB8A006369F5 /* InitialViewController.swift in Sources */,
				67AA28A01FBBBBAD001D7328 /* InstitutesDAO.swift in Sources */,
				67F7767E1F93DE030068D38C /* AppDelegate.swift in Sources */,
			);
			runOnlyForDeploymentPostprocessing = 0;
		};
/* End PBXSourcesBuildPhase section */

/* Begin PBXVariantGroup section */
		67F776811F93DE030068D38C /* Main.storyboard */ = {
			isa = PBXVariantGroup;
			children = (
				67F776821F93DE030068D38C /* Base */,
			);
			name = Main.storyboard;
			sourceTree = "<group>";
		};
		67F776891F93DE030068D38C /* LaunchScreen.storyboard */ = {
			isa = PBXVariantGroup;
			children = (
				67F7768A1F93DE030068D38C /* Base */,
			);
			name = LaunchScreen.storyboard;
			sourceTree = "<group>";
		};
/* End PBXVariantGroup section */

/* Begin XCBuildConfiguration section */
		67F7768D1F93DE030068D38C /* Debug */ = {
			isa = XCBuildConfiguration;
			buildSettings = {
				ALWAYS_SEARCH_USER_PATHS = NO;
				CLANG_ANALYZER_NONNULL = YES;
				CLANG_ANALYZER_NUMBER_OBJECT_CONVERSION = YES_AGGRESSIVE;
				CLANG_CXX_LANGUAGE_STANDARD = "gnu++0x";
				CLANG_CXX_LIBRARY = "libc++";
				CLANG_ENABLE_MODULES = YES;
				CLANG_ENABLE_OBJC_ARC = YES;
				CLANG_WARN_BOOL_CONVERSION = YES;
				CLANG_WARN_CONSTANT_CONVERSION = YES;
				CLANG_WARN_DIRECT_OBJC_ISA_USAGE = YES_ERROR;
				CLANG_WARN_DOCUMENTATION_COMMENTS = YES;
				CLANG_WARN_EMPTY_BODY = YES;
				CLANG_WARN_ENUM_CONVERSION = YES;
				CLANG_WARN_INFINITE_RECURSION = YES;
				CLANG_WARN_INT_CONVERSION = YES;
				CLANG_WARN_OBJC_ROOT_CLASS = YES_ERROR;
				CLANG_WARN_SUSPICIOUS_MOVE = YES;
				CLANG_WARN_UNREACHABLE_CODE = YES;
				CLANG_WARN__DUPLICATE_METHOD_MATCH = YES;
				"CODE_SIGN_IDENTITY[sdk=iphoneos*]" = "iPhone Developer";
				COPY_PHASE_STRIP = NO;
				DEBUG_INFORMATION_FORMAT = dwarf;
				ENABLE_STRICT_OBJC_MSGSEND = YES;
				ENABLE_TESTABILITY = YES;
				GCC_C_LANGUAGE_STANDARD = gnu99;
				GCC_DYNAMIC_NO_PIC = NO;
				GCC_NO_COMMON_BLOCKS = YES;
				GCC_OPTIMIZATION_LEVEL = 0;
				GCC_PREPROCESSOR_DEFINITIONS = (
					"DEBUG=1",
					"$(inherited)",
				);
				GCC_WARN_64_TO_32_BIT_CONVERSION = YES;
				GCC_WARN_ABOUT_RETURN_TYPE = YES_ERROR;
				GCC_WARN_UNDECLARED_SELECTOR = YES;
				GCC_WARN_UNINITIALIZED_AUTOS = YES_AGGRESSIVE;
				GCC_WARN_UNUSED_FUNCTION = YES;
				GCC_WARN_UNUSED_VARIABLE = YES;
				IPHONEOS_DEPLOYMENT_TARGET = 10.3;
				MTL_ENABLE_DEBUG_INFO = YES;
				ONLY_ACTIVE_ARCH = YES;
				SDKROOT = iphoneos;
				SWIFT_ACTIVE_COMPILATION_CONDITIONS = DEBUG;
				SWIFT_OPTIMIZATION_LEVEL = "-Onone";
				TARGETED_DEVICE_FAMILY = "1,2";
			};
			name = Debug;
		};
		67F7768E1F93DE030068D38C /* Release */ = {
			isa = XCBuildConfiguration;
			buildSettings = {
				ALWAYS_SEARCH_USER_PATHS = NO;
				CLANG_ANALYZER_NONNULL = YES;
				CLANG_ANALYZER_NUMBER_OBJECT_CONVERSION = YES_AGGRESSIVE;
				CLANG_CXX_LANGUAGE_STANDARD = "gnu++0x";
				CLANG_CXX_LIBRARY = "libc++";
				CLANG_ENABLE_MODULES = YES;
				CLANG_ENABLE_OBJC_ARC = YES;
				CLANG_WARN_BOOL_CONVERSION = YES;
				CLANG_WARN_CONSTANT_CONVERSION = YES;
				CLANG_WARN_DIRECT_OBJC_ISA_USAGE = YES_ERROR;
				CLANG_WARN_DOCUMENTATION_COMMENTS = YES;
				CLANG_WARN_EMPTY_BODY = YES;
				CLANG_WARN_ENUM_CONVERSION = YES;
				CLANG_WARN_INFINITE_RECURSION = YES;
				CLANG_WARN_INT_CONVERSION = YES;
				CLANG_WARN_OBJC_ROOT_CLASS = YES_ERROR;
				CLANG_WARN_SUSPICIOUS_MOVE = YES;
				CLANG_WARN_UNREACHABLE_CODE = YES;
				CLANG_WARN__DUPLICATE_METHOD_MATCH = YES;
				"CODE_SIGN_IDENTITY[sdk=iphoneos*]" = "iPhone Developer";
				COPY_PHASE_STRIP = NO;
				DEBUG_INFORMATION_FORMAT = "dwarf-with-dsym";
				ENABLE_NS_ASSERTIONS = NO;
				ENABLE_STRICT_OBJC_MSGSEND = YES;
				GCC_C_LANGUAGE_STANDARD = gnu99;
				GCC_NO_COMMON_BLOCKS = YES;
				GCC_WARN_64_TO_32_BIT_CONVERSION = YES;
				GCC_WARN_ABOUT_RETURN_TYPE = YES_ERROR;
				GCC_WARN_UNDECLARED_SELECTOR = YES;
				GCC_WARN_UNINITIALIZED_AUTOS = YES_AGGRESSIVE;
				GCC_WARN_UNUSED_FUNCTION = YES;
				GCC_WARN_UNUSED_VARIABLE = YES;
				IPHONEOS_DEPLOYMENT_TARGET = 10.3;
				MTL_ENABLE_DEBUG_INFO = NO;
				SDKROOT = iphoneos;
				SWIFT_OPTIMIZATION_LEVEL = "-Owholemodule";
				TARGETED_DEVICE_FAMILY = "1,2";
				VALIDATE_PRODUCT = YES;
			};
			name = Release;
		};
		67F776901F93DE030068D38C /* Debug */ = {
			isa = XCBuildConfiguration;
			baseConfigurationReference = 890FF52325F9FD1E7AEFAFC8 /* Pods-Pilares.debug.xcconfig */;
			buildSettings = {
				ASSETCATALOG_COMPILER_APPICON_NAME = AppIcon;
				DEVELOPMENT_TEAM = 99HYZ8LB3U;
				INFOPLIST_FILE = Pilares/Info.plist;
				LD_RUNPATH_SEARCH_PATHS = "$(inherited) @executable_path/Frameworks";
				PRODUCT_BUNDLE_IDENTIFIER = MySelf.Pilares;
				PRODUCT_NAME = "$(TARGET_NAME)";
				SWIFT_VERSION = 3.0;
			};
			name = Debug;
		};
		67F776911F93DE030068D38C /* Release */ = {
			isa = XCBuildConfiguration;
			baseConfigurationReference = 3F1DD1B2427C3A7C750226DB /* Pods-Pilares.release.xcconfig */;
			buildSettings = {
				ASSETCATALOG_COMPILER_APPICON_NAME = AppIcon;
				DEVELOPMENT_TEAM = 99HYZ8LB3U;
				INFOPLIST_FILE = Pilares/Info.plist;
				LD_RUNPATH_SEARCH_PATHS = "$(inherited) @executable_path/Frameworks";
				PRODUCT_BUNDLE_IDENTIFIER = MySelf.Pilares;
				PRODUCT_NAME = "$(TARGET_NAME)";
				SWIFT_VERSION = 3.0;
			};
			name = Release;
		};
/* End XCBuildConfiguration section */

/* Begin XCConfigurationList section */
		67F776751F93DE030068D38C /* Build configuration list for PBXProject "Pilares" */ = {
			isa = XCConfigurationList;
			buildConfigurations = (
				67F7768D1F93DE030068D38C /* Debug */,
				67F7768E1F93DE030068D38C /* Release */,
			);
			defaultConfigurationIsVisible = 0;
			defaultConfigurationName = Release;
		};
		67F7768F1F93DE030068D38C /* Build configuration list for PBXNativeTarget "Pilares" */ = {
			isa = XCConfigurationList;
			buildConfigurations = (
				67F776901F93DE030068D38C /* Debug */,
				67F776911F93DE030068D38C /* Release */,
			);
			defaultConfigurationIsVisible = 0;
			defaultConfigurationName = Release;
		};
/* End XCConfigurationList section */

/* Begin XCVersionGroup section */
		67F776841F93DE030068D38C /* Pilares.xcdatamodeld */ = {
			isa = XCVersionGroup;
			children = (
				67F776851F93DE030068D38C /* Pilares.xcdatamodel */,
			);
			currentVersion = 67F776851F93DE030068D38C /* Pilares.xcdatamodel */;
			path = Pilares.xcdatamodeld;
			sourceTree = "<group>";
			versionGroupType = wrapper.xcdatamodel;
		};
/* End XCVersionGroup section */
	};
	rootObject = 67F776721F93DE030068D38C /* Project object */;
}
